
Microsoft Visual Studio Solution File, Format Version 12.00
# Visual Studio Version 17
VisualStudioVersion = 17.8.34525.116
MinimumVisualStudioVersion = 10.0.40219.1
Project("{FAE04EC0-301F-11D3-BF4B-00C04F79EFBC}") = "Group8", "Group8\Group8.csproj", "{FF308071-517E-4C61-A09B-5B8D12D2A10C}"
EndProject
Global
	GlobalSection(SolutionConfigurationPlatforms) = preSolution
		Debug|Any CPU = Debug|Any CPU
		Release|Any CPU = Release|Any CPU
	EndGlobalSection
	GlobalSection(ProjectConfigurationPlatforms) = postSolution
		{FF308071-517E-4C61-A09B-5B8D12D2A10C}.Debug|Any CPU.ActiveCfg = Debug|Any CPU
		{FF308071-517E-4C61-A09B-5B8D12D2A10C}.Debug|Any CPU.Build.0 = Debug|Any CPU
		{FF308071-517E-4C61-A09B-5B8D12D2A10C}.Release|Any CPU.ActiveCfg = Release|Any CPU
		{FF308071-517E-4C61-A09B-5B8D12D2A10C}.Release|Any CPU.Build.0 = Release|Any CPU
	EndGlobalSection
	GlobalSection(SolutionProperties) = preSolution
		HideSolutionNode = FALSE
	EndGlobalSection
	GlobalSection(ExtensibilityGlobals) = postSolution
		SolutionGuid = {5A73A984-E606-4311-BD5D-A018E05DD716}
	EndGlobalSection
EndGlobal
